schema: '2.0'
stages:
  data_ingestion:
    cmd: python src/cnnClassifier/pipeline/stage_01_data_ingestion.py
    deps:
    - path: config/config.yaml
      hash: md5
      md5: 116584055f4f5671f963f4ab03105de6
      size: 793
    - path: src/cnnClassifier/pipeline/stage_01_data_ingestion.py
      hash: md5
      md5: 8c43d5aa9a36f563760e0858975c92b5
      size: 909
    outs:
    - path: artifacts/data_ingestion/Chicken-fecal-images
      hash: md5
      md5: 9e1f8dd2eae3c29e9d635df89d438ae4.dir
      size: 12207807
      nfiles: 390
  prepare_base_model:
    cmd: python src/cnnClassifier/pipeline/stage_02_prepare_base_model.py
    deps:
    - path: config/config.yaml
      hash: md5
      md5: 116584055f4f5671f963f4ab03105de6
      size: 793
    - path: src/cnnClassifier/pipeline/stage_02_prepare_base_model.py
      hash: md5
      md5: fe2653650b3dddd4ea96fb1d44fe688b
      size: 947
    params:
      params.yaml:
        CLASSES: 2
        IMAGE_SIZE:
        - 224
        - 224
        - 3
        INCLUDE_TOP: false
        LEARNING_RATE: 0.01
        WEIGHTS: imagenet
    outs:
    - path: artifacts/prepare_base_model
      hash: md5
      md5: 1024d5f028efdd0fc76a38428551b381.dir
      size: 118059248
      nfiles: 2
  training:
    cmd: python src/cnnClassifier/pipeline/stage_03_training.py
    deps:
    - path: artifacts/data_ingestion/Chicken-fecal-images
      hash: md5
      md5: 9e1f8dd2eae3c29e9d635df89d438ae4.dir
      size: 12207807
      nfiles: 390
    - path: artifacts/prepare_base_model
      hash: md5
      md5: 1024d5f028efdd0fc76a38428551b381.dir
      size: 118059248
      nfiles: 2
    - path: config/config.yaml
      hash: md5
      md5: 116584055f4f5671f963f4ab03105de6
      size: 793
    - path: src/cnnClassifier/components/prepare_callbacks.py
      hash: md5
      md5: 8eb7ecbf687747d7d9012e9816621e4a
      size: 959
    - path: src/cnnClassifier/pipeline/stage_03_training.py
      hash: md5
      md5: 0bd94d9cb0f56eb3d65c84f91e54c89b
      size: 1180
    params:
      params.yaml:
        AUGMENTATION: true
        BATCH_SIZE: 16
        EPOCHS: 10
        IMAGE_SIZE:
        - 224
        - 224
        - 3
    outs:
    - path: artifacts/training/model.h5
      hash: md5
      md5: 6c5966b7a9cc2d990a273babb3c00ae6
      size: 59340720
  evaluation:
    cmd: python src/cnnClassifier/pipeline/stage_04_evaluation.py
    deps:
    - path: artifacts/data_ingestion/Chicken-fecal-images
      hash: md5
      md5: 9e1f8dd2eae3c29e9d635df89d438ae4.dir
      size: 12207807
      nfiles: 390
    - path: artifacts/training/model.h5
      hash: md5
      md5: 6c5966b7a9cc2d990a273babb3c00ae6
      size: 59340720
    - path: config/config.yaml
      hash: md5
      md5: 116584055f4f5671f963f4ab03105de6
      size: 793
    - path: src/cnnClassifier/pipeline/stage_04_evaluation.py
      hash: md5
      md5: 070e0279d48078e8cd5f2c62e82e5606
      size: 817
    params:
      params.yaml:
        BATCH_SIZE: 16
        IMAGE_SIZE:
        - 224
        - 224
        - 3
    outs:
    - path: scores.json
      hash: md5
      md5: b59c94ae7e4993de77fa2a19936380f8
      size: 73
